
Microsoft Visual Studio Solution File, Format Version 12.00
# Visual Studio Version 16
VisualStudioVersion = 16.0.31229.75
MinimumVisualStudioVersion = 10.0.40219.1
Project("{9A19103F-16F7-4668-BE54-9A1E7A4F7556}") = "MyLittleShop.API", "MyLittleShop\MyLittleShop.API.csproj", "{C0546409-E229-4B6D-A76B-7305985E8423}"
EndProject
Project("{9A19103F-16F7-4668-BE54-9A1E7A4F7556}") = "MyLittleShop.Migrations", "Migrations\MyLittleShop.Migrations.csproj", "{8678687D-B1AE-41AD-8E16-5A250AF39ECB}"
EndProject
Project("{9A19103F-16F7-4668-BE54-9A1E7A4F7556}") = "MyLittleShop.Entities", "Entities\MyLittleShop.Entities.csproj", "{B13CF764-7BF7-431D-9B4B-9EBC7EC28312}"
EndProject
Project("{9A19103F-16F7-4668-BE54-9A1E7A4F7556}") = "MyLittleShop.Persistance", "Persistance\MyLittleShop.Persistance.csproj", "{AE05E583-03FE-4E36-A7E4-9CF24A52A049}"
EndProject
Project("{9A19103F-16F7-4668-BE54-9A1E7A4F7556}") = "MyLittleShop.Service", "Service\MyLittleShop.Service.csproj", "{16D10F55-5C85-43B0-A460-8909A05FCE49}"
EndProject
Global
	GlobalSection(SolutionConfigurationPlatforms) = preSolution
		Debug|Any CPU = Debug|Any CPU
		Release|Any CPU = Release|Any CPU
	EndGlobalSection
	GlobalSection(ProjectConfigurationPlatforms) = postSolution
		{C0546409-E229-4B6D-A76B-7305985E8423}.Debug|Any CPU.ActiveCfg = Debug|Any CPU
		{C0546409-E229-4B6D-A76B-7305985E8423}.Debug|Any CPU.Build.0 = Debug|Any CPU
		{C0546409-E229-4B6D-A76B-7305985E8423}.Release|Any CPU.ActiveCfg = Release|Any CPU
		{C0546409-E229-4B6D-A76B-7305985E8423}.Release|Any CPU.Build.0 = Release|Any CPU
		{8678687D-B1AE-41AD-8E16-5A250AF39ECB}.Debug|Any CPU.ActiveCfg = Debug|Any CPU
		{8678687D-B1AE-41AD-8E16-5A250AF39ECB}.Debug|Any CPU.Build.0 = Debug|Any CPU
		{8678687D-B1AE-41AD-8E16-5A250AF39ECB}.Release|Any CPU.ActiveCfg = Release|Any CPU
		{8678687D-B1AE-41AD-8E16-5A250AF39ECB}.Release|Any CPU.Build.0 = Release|Any CPU
		{B13CF764-7BF7-431D-9B4B-9EBC7EC28312}.Debug|Any CPU.ActiveCfg = Debug|Any CPU
		{B13CF764-7BF7-431D-9B4B-9EBC7EC28312}.Debug|Any CPU.Build.0 = Debug|Any CPU
		{B13CF764-7BF7-431D-9B4B-9EBC7EC28312}.Release|Any CPU.ActiveCfg = Release|Any CPU
		{B13CF764-7BF7-431D-9B4B-9EBC7EC28312}.Release|Any CPU.Build.0 = Release|Any CPU
		{AE05E583-03FE-4E36-A7E4-9CF24A52A049}.Debug|Any CPU.ActiveCfg = Debug|Any CPU
		{AE05E583-03FE-4E36-A7E4-9CF24A52A049}.Debug|Any CPU.Build.0 = Debug|Any CPU
		{AE05E583-03FE-4E36-A7E4-9CF24A52A049}.Release|Any CPU.ActiveCfg = Release|Any CPU
		{AE05E583-03FE-4E36-A7E4-9CF24A52A049}.Release|Any CPU.Build.0 = Release|Any CPU
		{16D10F55-5C85-43B0-A460-8909A05FCE49}.Debug|Any CPU.ActiveCfg = Debug|Any CPU
		{16D10F55-5C85-43B0-A460-8909A05FCE49}.Debug|Any CPU.Build.0 = Debug|Any CPU
		{16D10F55-5C85-43B0-A460-8909A05FCE49}.Release|Any CPU.ActiveCfg = Release|Any CPU
		{16D10F55-5C85-43B0-A460-8909A05FCE49}.Release|Any CPU.Build.0 = Release|Any CPU
	EndGlobalSection
	GlobalSection(SolutionProperties) = preSolution
		HideSolutionNode = FALSE
	EndGlobalSection
	GlobalSection(ExtensibilityGlobals) = postSolution
		SolutionGuid = {EFD0438C-4374-4BEB-BCFF-48F0C2E61577}
	EndGlobalSection
EndGlobal
